
Microsoft Visual Studio Solution File, Format Version 12.00
# Visual Studio Version 17
VisualStudioVersion = 17.9.34622.214
MinimumVisualStudioVersion = 10.0.40219.1
Project("{FAE04EC0-301F-11D3-BF4B-00C04F79EFBC}") = "Ado.net", "Ado.net.csproj", "{EDACECEB-B684-44BC-AC31-19BE1787D769}"
EndProject
Project("{FAE04EC0-301F-11D3-BF4B-00C04F79EFBC}") = "Core", "..\Core\Core.csproj", "{D5281A97-3A06-41B1-8818-6E14B7FD09C3}"
EndProject
Project("{FAE04EC0-301F-11D3-BF4B-00C04F79EFBC}") = "Data", "..\Data\Data.csproj", "{E20173E2-6B01-47E6-90BD-C11D4778D0BA}"
EndProject
Project("{FAE04EC0-301F-11D3-BF4B-00C04F79EFBC}") = "Business", "..\Business\Business.csproj", "{F391E9E7-50A9-4F3F-AAC5-4E86C03962E8}"
EndProject
Global
	GlobalSection(SolutionConfigurationPlatforms) = preSolution
		Debug|Any CPU = Debug|Any CPU
		Release|Any CPU = Release|Any CPU
	EndGlobalSection
	GlobalSection(ProjectConfigurationPlatforms) = postSolution
		{EDACECEB-B684-44BC-AC31-19BE1787D769}.Debug|Any CPU.ActiveCfg = Debug|Any CPU
		{EDACECEB-B684-44BC-AC31-19BE1787D769}.Debug|Any CPU.Build.0 = Debug|Any CPU
		{EDACECEB-B684-44BC-AC31-19BE1787D769}.Release|Any CPU.ActiveCfg = Release|Any CPU
		{EDACECEB-B684-44BC-AC31-19BE1787D769}.Release|Any CPU.Build.0 = Release|Any CPU
		{D5281A97-3A06-41B1-8818-6E14B7FD09C3}.Debug|Any CPU.ActiveCfg = Debug|Any CPU
		{D5281A97-3A06-41B1-8818-6E14B7FD09C3}.Debug|Any CPU.Build.0 = Debug|Any CPU
		{D5281A97-3A06-41B1-8818-6E14B7FD09C3}.Release|Any CPU.ActiveCfg = Release|Any CPU
		{D5281A97-3A06-41B1-8818-6E14B7FD09C3}.Release|Any CPU.Build.0 = Release|Any CPU
		{E20173E2-6B01-47E6-90BD-C11D4778D0BA}.Debug|Any CPU.ActiveCfg = Debug|Any CPU
		{E20173E2-6B01-47E6-90BD-C11D4778D0BA}.Debug|Any CPU.Build.0 = Debug|Any CPU
		{E20173E2-6B01-47E6-90BD-C11D4778D0BA}.Release|Any CPU.ActiveCfg = Release|Any CPU
		{E20173E2-6B01-47E6-90BD-C11D4778D0BA}.Release|Any CPU.Build.0 = Release|Any CPU
		{F391E9E7-50A9-4F3F-AAC5-4E86C03962E8}.Debug|Any CPU.ActiveCfg = Debug|Any CPU
		{F391E9E7-50A9-4F3F-AAC5-4E86C03962E8}.Debug|Any CPU.Build.0 = Debug|Any CPU
		{F391E9E7-50A9-4F3F-AAC5-4E86C03962E8}.Release|Any CPU.ActiveCfg = Release|Any CPU
		{F391E9E7-50A9-4F3F-AAC5-4E86C03962E8}.Release|Any CPU.Build.0 = Release|Any CPU
	EndGlobalSection
	GlobalSection(SolutionProperties) = preSolution
		HideSolutionNode = FALSE
	EndGlobalSection
	GlobalSection(ExtensibilityGlobals) = postSolution
		SolutionGuid = {C0835A89-BD99-4653-9330-43DD36160018}
	EndGlobalSection
EndGlobal
